
Microsoft Visual Studio Solution File, Format Version 12.00
# Visual Studio Version 17
VisualStudioVersion = 17.13.35931.197 d17.13
MinimumVisualStudioVersion = 10.0.40219.1
Project("{FAE04EC0-301F-11D3-BF4B-00C04F79EFBC}") = "12.06.25", "12.06.25.csproj", "{5743F3FC-57E9-4583-8B55-2164D7CCD7DD}"
EndProject
Global
	GlobalSection(SolutionConfigurationPlatforms) = preSolution
		Debug|Any CPU = Debug|Any CPU
		Release|Any CPU = Release|Any CPU
	EndGlobalSection
	GlobalSection(ProjectConfigurationPlatforms) = postSolution
		{5743F3FC-57E9-4583-8B55-2164D7CCD7DD}.Debug|Any CPU.ActiveCfg = Debug|Any CPU
		{5743F3FC-57E9-4583-8B55-2164D7CCD7DD}.Debug|Any CPU.Build.0 = Debug|Any CPU
		{5743F3FC-57E9-4583-8B55-2164D7CCD7DD}.Release|Any CPU.ActiveCfg = Release|Any CPU
		{5743F3FC-57E9-4583-8B55-2164D7CCD7DD}.Release|Any CPU.Build.0 = Release|Any CPU
	EndGlobalSection
	GlobalSection(SolutionProperties) = preSolution
		HideSolutionNode = FALSE
	EndGlobalSection
	GlobalSection(ExtensibilityGlobals) = postSolution
		SolutionGuid = {C318E577-867C-4410-A72E-CFBC659A1238}
	EndGlobalSection
EndGlobal
